
Microsoft Visual Studio Solution File, Format Version 12.00
# Visual Studio Version 17
VisualStudioVersion = 17.9.34902.65
MinimumVisualStudioVersion = 10.0.40219.1
Project("{9A19103F-16F7-4668-BE54-9A1E7A4F7556}") = "NotInheritance", "InheritanceExample\NotInheritance.csproj", "{E62E4796-91CB-458E-9710-1562F42B4ABB}"
EndProject
Project("{2150E333-8FDC-42A3-9474-1A3956D46DE8}") = "Inheritance", "Inheritance", "{67A0971E-5960-4DA6-B2DA-101A123BA2AC}"
EndProject
Project("{9A19103F-16F7-4668-BE54-9A1E7A4F7556}") = "WhatIsInheritance", "InheritanceSimpleExample\WhatIsInheritance.csproj", "{F4D57107-2826-476A-ADFA-432E8A708791}"
EndProject
Project("{9A19103F-16F7-4668-BE54-9A1E7A4F7556}") = "Base", "Base\Base.csproj", "{E6E00C92-9823-4BAA-81DE-DEBDDA9BB41E}"
EndProject
Project("{9A19103F-16F7-4668-BE54-9A1E7A4F7556}") = "Virtual", "Virtual\Virtual.csproj", "{B58C70DF-A950-4436-A588-D120EC7C9EAE}"
EndProject
Project("{9A19103F-16F7-4668-BE54-9A1E7A4F7556}") = "NewMethod", "NewMethod\NewMethod.csproj", "{AF2CCA67-2000-4960-AC63-BC361A6A6886}"
EndProject
Project("{2150E333-8FDC-42A3-9474-1A3956D46DE8}") = "encapsulation", "encapsulation", "{6A237A5E-5676-4E9B-A161-92733D3ECD67}"
EndProject
Project("{9A19103F-16F7-4668-BE54-9A1E7A4F7556}") = "AccessRightsExample", "EncapsulationExample\AccessRightsExample.csproj", "{9E0233C4-154B-4BA5-A002-462A88923F2F}"
EndProject
Project("{2150E333-8FDC-42A3-9474-1A3956D46DE8}") = "Abstraction", "Abstraction", "{180C44FB-E154-4FDE-A377-3D3574E8456A}"
EndProject
Project("{2150E333-8FDC-42A3-9474-1A3956D46DE8}") = "PolyMorphism", "PolyMorphism", "{0259A1DB-EE1D-46CB-822E-7BD95E5B92C5}"
EndProject
Project("{9A19103F-16F7-4668-BE54-9A1E7A4F7556}") = "Polymorphism", "Polymorphism\Polymorphism.csproj", "{A60564A7-39EC-443D-AA65-2D8B015655BB}"
EndProject
Project("{9A19103F-16F7-4668-BE54-9A1E7A4F7556}") = "AdHocPolymorphism", "AdHocPolymorphism\AdHocPolymorphism.csproj", "{5E8F7608-D79A-4FCE-A4DB-B2205122C34A}"
EndProject
Project("{9A19103F-16F7-4668-BE54-9A1E7A4F7556}") = "ParametricPolyMorphism", "ParametricPolyMorphism\ParametricPolyMorphism.csproj", "{A6273D9A-B5CB-4E0E-A4D1-2144CF615814}"
EndProject
Project("{9A19103F-16F7-4668-BE54-9A1E7A4F7556}") = "WhatIsEncapsulation", "EncapsulationSimpleExample\WhatIsEncapsulation.csproj", "{4CAC283B-5C58-484D-99EC-ECB46E76498F}"
EndProject
Project("{9A19103F-16F7-4668-BE54-9A1E7A4F7556}") = "EncapsulationExtLibrary", "EncapsulationExtLibrary\EncapsulationExtLibrary.csproj", "{603B8870-B7C4-42CB-812E-86F17F5C76D7}"
EndProject
Project("{2150E333-8FDC-42A3-9474-1A3956D46DE8}") = "UML", "UML", "{06661619-5884-4D7E-9042-C64B9B470321}"
EndProject
Project("{9A19103F-16F7-4668-BE54-9A1E7A4F7556}") = "UML", "UML\UML.csproj", "{081F6A74-E156-4D75-B952-3407E726AE19}"
EndProject
Project("{9A19103F-16F7-4668-BE54-9A1E7A4F7556}") = "FromPractice", "FromPractice\FromPractice.csproj", "{237B2C07-729D-463E-B9C1-6583E1DD6356}"
EndProject
Project("{9A19103F-16F7-4668-BE54-9A1E7A4F7556}") = "AbstractClass", "AbstractClass\AbstractClass.csproj", "{8A1ACFC7-AE6F-40AE-A8AD-A2DB62D3278E}"
EndProject
Project("{9A19103F-16F7-4668-BE54-9A1E7A4F7556}") = "AbstractInterface", "AbstractInterface\AbstractInterface.csproj", "{07727751-797D-4B6C-AD09-55350AA76DEC}"
EndProject
Global
	GlobalSection(SolutionConfigurationPlatforms) = preSolution
		Debug|Any CPU = Debug|Any CPU
		Release|Any CPU = Release|Any CPU
	EndGlobalSection
	GlobalSection(ProjectConfigurationPlatforms) = postSolution
		{E62E4796-91CB-458E-9710-1562F42B4ABB}.Debug|Any CPU.ActiveCfg = Debug|Any CPU
		{E62E4796-91CB-458E-9710-1562F42B4ABB}.Debug|Any CPU.Build.0 = Debug|Any CPU
		{E62E4796-91CB-458E-9710-1562F42B4ABB}.Release|Any CPU.ActiveCfg = Release|Any CPU
		{E62E4796-91CB-458E-9710-1562F42B4ABB}.Release|Any CPU.Build.0 = Release|Any CPU
		{F4D57107-2826-476A-ADFA-432E8A708791}.Debug|Any CPU.ActiveCfg = Debug|Any CPU
		{F4D57107-2826-476A-ADFA-432E8A708791}.Debug|Any CPU.Build.0 = Debug|Any CPU
		{F4D57107-2826-476A-ADFA-432E8A708791}.Release|Any CPU.ActiveCfg = Release|Any CPU
		{F4D57107-2826-476A-ADFA-432E8A708791}.Release|Any CPU.Build.0 = Release|Any CPU
		{E6E00C92-9823-4BAA-81DE-DEBDDA9BB41E}.Debug|Any CPU.ActiveCfg = Debug|Any CPU
		{E6E00C92-9823-4BAA-81DE-DEBDDA9BB41E}.Debug|Any CPU.Build.0 = Debug|Any CPU
		{E6E00C92-9823-4BAA-81DE-DEBDDA9BB41E}.Release|Any CPU.ActiveCfg = Release|Any CPU
		{E6E00C92-9823-4BAA-81DE-DEBDDA9BB41E}.Release|Any CPU.Build.0 = Release|Any CPU
		{B58C70DF-A950-4436-A588-D120EC7C9EAE}.Debug|Any CPU.ActiveCfg = Debug|Any CPU
		{B58C70DF-A950-4436-A588-D120EC7C9EAE}.Debug|Any CPU.Build.0 = Debug|Any CPU
		{B58C70DF-A950-4436-A588-D120EC7C9EAE}.Release|Any CPU.ActiveCfg = Release|Any CPU
		{B58C70DF-A950-4436-A588-D120EC7C9EAE}.Release|Any CPU.Build.0 = Release|Any CPU
		{AF2CCA67-2000-4960-AC63-BC361A6A6886}.Debug|Any CPU.ActiveCfg = Debug|Any CPU
		{AF2CCA67-2000-4960-AC63-BC361A6A6886}.Debug|Any CPU.Build.0 = Debug|Any CPU
		{AF2CCA67-2000-4960-AC63-BC361A6A6886}.Release|Any CPU.ActiveCfg = Release|Any CPU
		{AF2CCA67-2000-4960-AC63-BC361A6A6886}.Release|Any CPU.Build.0 = Release|Any CPU
		{9E0233C4-154B-4BA5-A002-462A88923F2F}.Debug|Any CPU.ActiveCfg = Debug|Any CPU
		{9E0233C4-154B-4BA5-A002-462A88923F2F}.Debug|Any CPU.Build.0 = Debug|Any CPU
		{9E0233C4-154B-4BA5-A002-462A88923F2F}.Release|Any CPU.ActiveCfg = Release|Any CPU
		{9E0233C4-154B-4BA5-A002-462A88923F2F}.Release|Any CPU.Build.0 = Release|Any CPU
		{A60564A7-39EC-443D-AA65-2D8B015655BB}.Debug|Any CPU.ActiveCfg = Debug|Any CPU
		{A60564A7-39EC-443D-AA65-2D8B015655BB}.Debug|Any CPU.Build.0 = Debug|Any CPU
		{A60564A7-39EC-443D-AA65-2D8B015655BB}.Release|Any CPU.ActiveCfg = Release|Any CPU
		{A60564A7-39EC-443D-AA65-2D8B015655BB}.Release|Any CPU.Build.0 = Release|Any CPU
		{5E8F7608-D79A-4FCE-A4DB-B2205122C34A}.Debug|Any CPU.ActiveCfg = Debug|Any CPU
		{5E8F7608-D79A-4FCE-A4DB-B2205122C34A}.Debug|Any CPU.Build.0 = Debug|Any CPU
		{5E8F7608-D79A-4FCE-A4DB-B2205122C34A}.Release|Any CPU.ActiveCfg = Release|Any CPU
		{5E8F7608-D79A-4FCE-A4DB-B2205122C34A}.Release|Any CPU.Build.0 = Release|Any CPU
		{A6273D9A-B5CB-4E0E-A4D1-2144CF615814}.Debug|Any CPU.ActiveCfg = Debug|Any CPU
		{A6273D9A-B5CB-4E0E-A4D1-2144CF615814}.Debug|Any CPU.Build.0 = Debug|Any CPU
		{A6273D9A-B5CB-4E0E-A4D1-2144CF615814}.Release|Any CPU.ActiveCfg = Release|Any CPU
		{A6273D9A-B5CB-4E0E-A4D1-2144CF615814}.Release|Any CPU.Build.0 = Release|Any CPU
		{4CAC283B-5C58-484D-99EC-ECB46E76498F}.Debug|Any CPU.ActiveCfg = Debug|Any CPU
		{4CAC283B-5C58-484D-99EC-ECB46E76498F}.Debug|Any CPU.Build.0 = Debug|Any CPU
		{4CAC283B-5C58-484D-99EC-ECB46E76498F}.Release|Any CPU.ActiveCfg = Release|Any CPU
		{4CAC283B-5C58-484D-99EC-ECB46E76498F}.Release|Any CPU.Build.0 = Release|Any CPU
		{603B8870-B7C4-42CB-812E-86F17F5C76D7}.Debug|Any CPU.ActiveCfg = Debug|Any CPU
		{603B8870-B7C4-42CB-812E-86F17F5C76D7}.Debug|Any CPU.Build.0 = Debug|Any CPU
		{603B8870-B7C4-42CB-812E-86F17F5C76D7}.Release|Any CPU.ActiveCfg = Release|Any CPU
		{603B8870-B7C4-42CB-812E-86F17F5C76D7}.Release|Any CPU.Build.0 = Release|Any CPU
		{081F6A74-E156-4D75-B952-3407E726AE19}.Debug|Any CPU.ActiveCfg = Debug|Any CPU
		{081F6A74-E156-4D75-B952-3407E726AE19}.Debug|Any CPU.Build.0 = Debug|Any CPU
		{081F6A74-E156-4D75-B952-3407E726AE19}.Release|Any CPU.ActiveCfg = Release|Any CPU
		{081F6A74-E156-4D75-B952-3407E726AE19}.Release|Any CPU.Build.0 = Release|Any CPU
		{237B2C07-729D-463E-B9C1-6583E1DD6356}.Debug|Any CPU.ActiveCfg = Debug|Any CPU
		{237B2C07-729D-463E-B9C1-6583E1DD6356}.Debug|Any CPU.Build.0 = Debug|Any CPU
		{237B2C07-729D-463E-B9C1-6583E1DD6356}.Release|Any CPU.ActiveCfg = Release|Any CPU
		{237B2C07-729D-463E-B9C1-6583E1DD6356}.Release|Any CPU.Build.0 = Release|Any CPU
		{8A1ACFC7-AE6F-40AE-A8AD-A2DB62D3278E}.Debug|Any CPU.ActiveCfg = Debug|Any CPU
		{8A1ACFC7-AE6F-40AE-A8AD-A2DB62D3278E}.Debug|Any CPU.Build.0 = Debug|Any CPU
		{8A1ACFC7-AE6F-40AE-A8AD-A2DB62D3278E}.Release|Any CPU.ActiveCfg = Release|Any CPU
		{8A1ACFC7-AE6F-40AE-A8AD-A2DB62D3278E}.Release|Any CPU.Build.0 = Release|Any CPU
		{07727751-797D-4B6C-AD09-55350AA76DEC}.Debug|Any CPU.ActiveCfg = Debug|Any CPU
		{07727751-797D-4B6C-AD09-55350AA76DEC}.Debug|Any CPU.Build.0 = Debug|Any CPU
		{07727751-797D-4B6C-AD09-55350AA76DEC}.Release|Any CPU.ActiveCfg = Release|Any CPU
		{07727751-797D-4B6C-AD09-55350AA76DEC}.Release|Any CPU.Build.0 = Release|Any CPU
	EndGlobalSection
	GlobalSection(SolutionProperties) = preSolution
		HideSolutionNode = FALSE
	EndGlobalSection
	GlobalSection(NestedProjects) = preSolution
		{E62E4796-91CB-458E-9710-1562F42B4ABB} = {67A0971E-5960-4DA6-B2DA-101A123BA2AC}
		{F4D57107-2826-476A-ADFA-432E8A708791} = {67A0971E-5960-4DA6-B2DA-101A123BA2AC}
		{E6E00C92-9823-4BAA-81DE-DEBDDA9BB41E} = {67A0971E-5960-4DA6-B2DA-101A123BA2AC}
		{B58C70DF-A950-4436-A588-D120EC7C9EAE} = {67A0971E-5960-4DA6-B2DA-101A123BA2AC}
		{AF2CCA67-2000-4960-AC63-BC361A6A6886} = {0259A1DB-EE1D-46CB-822E-7BD95E5B92C5}
		{9E0233C4-154B-4BA5-A002-462A88923F2F} = {6A237A5E-5676-4E9B-A161-92733D3ECD67}
		{A60564A7-39EC-443D-AA65-2D8B015655BB} = {0259A1DB-EE1D-46CB-822E-7BD95E5B92C5}
		{5E8F7608-D79A-4FCE-A4DB-B2205122C34A} = {0259A1DB-EE1D-46CB-822E-7BD95E5B92C5}
		{A6273D9A-B5CB-4E0E-A4D1-2144CF615814} = {0259A1DB-EE1D-46CB-822E-7BD95E5B92C5}
		{4CAC283B-5C58-484D-99EC-ECB46E76498F} = {6A237A5E-5676-4E9B-A161-92733D3ECD67}
		{603B8870-B7C4-42CB-812E-86F17F5C76D7} = {6A237A5E-5676-4E9B-A161-92733D3ECD67}
		{081F6A74-E156-4D75-B952-3407E726AE19} = {06661619-5884-4D7E-9042-C64B9B470321}
		{237B2C07-729D-463E-B9C1-6583E1DD6356} = {0259A1DB-EE1D-46CB-822E-7BD95E5B92C5}
		{8A1ACFC7-AE6F-40AE-A8AD-A2DB62D3278E} = {180C44FB-E154-4FDE-A377-3D3574E8456A}
		{07727751-797D-4B6C-AD09-55350AA76DEC} = {180C44FB-E154-4FDE-A377-3D3574E8456A}
	EndGlobalSection
	GlobalSection(ExtensibilityGlobals) = postSolution
		SolutionGuid = {9EED3CD9-F1FD-4742-9E8C-76F0050EAF72}
	EndGlobalSection
EndGlobal
