
Microsoft Visual Studio Solution File, Format Version 12.00
# Visual Studio Version 17
VisualStudioVersion = 17.9.34902.65
MinimumVisualStudioVersion = 10.0.40219.1
Project("{9A19103F-16F7-4668-BE54-9A1E7A4F7556}") = "AbstractionExample", "..\AbstractionExample\AbstractionExample.csproj", "{C68D1838-4C2A-4CF6-8D23-482EAAFF6048}"
EndProject
Project("{FAE04EC0-301F-11D3-BF4B-00C04F79EFBC}") = "IncapsulationExample", "IncapsulationExample\IncapsulationExample.csproj", "{54E2E7C7-5368-4814-8BB9-DEE7B76D9444}"
EndProject
Project("{FAE04EC0-301F-11D3-BF4B-00C04F79EFBC}") = "InheritanceExample", "InheritanceExample\InheritanceExample.csproj", "{E62E4796-91CB-458E-9710-1562F42B4ABB}"
EndProject
Global
	GlobalSection(SolutionConfigurationPlatforms) = preSolution
		Debug|Any CPU = Debug|Any CPU
		Release|Any CPU = Release|Any CPU
	EndGlobalSection
	GlobalSection(ProjectConfigurationPlatforms) = postSolution
		{C68D1838-4C2A-4CF6-8D23-482EAAFF6048}.Debug|Any CPU.ActiveCfg = Debug|Any CPU
		{C68D1838-4C2A-4CF6-8D23-482EAAFF6048}.Debug|Any CPU.Build.0 = Debug|Any CPU
		{C68D1838-4C2A-4CF6-8D23-482EAAFF6048}.Release|Any CPU.ActiveCfg = Release|Any CPU
		{C68D1838-4C2A-4CF6-8D23-482EAAFF6048}.Release|Any CPU.Build.0 = Release|Any CPU
		{54E2E7C7-5368-4814-8BB9-DEE7B76D9444}.Debug|Any CPU.ActiveCfg = Debug|Any CPU
		{54E2E7C7-5368-4814-8BB9-DEE7B76D9444}.Debug|Any CPU.Build.0 = Debug|Any CPU
		{54E2E7C7-5368-4814-8BB9-DEE7B76D9444}.Release|Any CPU.ActiveCfg = Release|Any CPU
		{54E2E7C7-5368-4814-8BB9-DEE7B76D9444}.Release|Any CPU.Build.0 = Release|Any CPU
		{E62E4796-91CB-458E-9710-1562F42B4ABB}.Debug|Any CPU.ActiveCfg = Debug|Any CPU
		{E62E4796-91CB-458E-9710-1562F42B4ABB}.Debug|Any CPU.Build.0 = Debug|Any CPU
		{E62E4796-91CB-458E-9710-1562F42B4ABB}.Release|Any CPU.ActiveCfg = Release|Any CPU
		{E62E4796-91CB-458E-9710-1562F42B4ABB}.Release|Any CPU.Build.0 = Release|Any CPU
	EndGlobalSection
	GlobalSection(SolutionProperties) = preSolution
		HideSolutionNode = FALSE
	EndGlobalSection
	GlobalSection(ExtensibilityGlobals) = postSolution
		SolutionGuid = {9EED3CD9-F1FD-4742-9E8C-76F0050EAF72}
	EndGlobalSection
EndGlobal
